// !$*UTF8*$!
{
	archiveVersion = 1;
	classes = {
	};
	objectVersion = 56;
	objects = {

/* Begin PBXBuildFile section */
		246D9A72662E000FE2835990 /* Pods_GuardSystemApp.framework in Frameworks */ = {isa = PBXBuildFile; fileRef = 2EA9EC63AFDB27287ED1D1AB /* Pods_GuardSystemApp.framework */; };
		254BBBD32AF4E511009B67C5 /* GetAllGuardProvider.swift in Sources */ = {isa = PBXBuildFile; fileRef = 254BBBD22AF4E511009B67C5 /* GetAllGuardProvider.swift */; };
		254BBBD52AF4E54E009B67C5 /* GetAllGuardRouter.swift in Sources */ = {isa = PBXBuildFile; fileRef = 254BBBD42AF4E54E009B67C5 /* GetAllGuardRouter.swift */; };
		254BBBD82AF4E6E1009B67C5 /* GetAllGuardModel.swift in Sources */ = {isa = PBXBuildFile; fileRef = 254BBBD72AF4E6E1009B67C5 /* GetAllGuardModel.swift */; };
		254BBBDB2AF4E87D009B67C5 /* GetAllGuardViewModel.swift in Sources */ = {isa = PBXBuildFile; fileRef = 254BBBDA2AF4E87D009B67C5 /* GetAllGuardViewModel.swift */; };
		2593E7102AE8D6C500CD514A /* LoginView.swift in Sources */ = {isa = PBXBuildFile; fileRef = 2593E70F2AE8D6C500CD514A /* LoginView.swift */; };
		2593E7122AE8D6EA00CD514A /* LoginViewModel.swift in Sources */ = {isa = PBXBuildFile; fileRef = 2593E7112AE8D6EA00CD514A /* LoginViewModel.swift */; };
		2593E7162AE8D75B00CD514A /* LoginRequest.swift in Sources */ = {isa = PBXBuildFile; fileRef = 2593E7152AE8D75B00CD514A /* LoginRequest.swift */; };
		2593E7192AE8D81800CD514A /* LoginProvider.swift in Sources */ = {isa = PBXBuildFile; fileRef = 2593E7182AE8D81800CD514A /* LoginProvider.swift */; };
		2593E71B2AE8D93400CD514A /* LoginRouter.swift in Sources */ = {isa = PBXBuildFile; fileRef = 2593E71A2AE8D93400CD514A /* LoginRouter.swift */; };
		2593E71E2AE914EF00CD514A /* TextFieldCommon.swift in Sources */ = {isa = PBXBuildFile; fileRef = 2593E71D2AE914EF00CD514A /* TextFieldCommon.swift */; };
		2593E7202AE918DF00CD514A /* ButtonStateCommon.swift in Sources */ = {isa = PBXBuildFile; fileRef = 2593E71F2AE918DF00CD514A /* ButtonStateCommon.swift */; };
		25B2B8612AEF65AD00830C09 /* InfoCardCommonView.swift in Sources */ = {isa = PBXBuildFile; fileRef = 25B2B8602AEF65AD00830C09 /* InfoCardCommonView.swift */; };
		25B2B8652AEF9F9000830C09 /* ButtonIconCommon.swift in Sources */ = {isa = PBXBuildFile; fileRef = 25B2B8642AEF9F9000830C09 /* ButtonIconCommon.swift */; };
		25B2B8682AEFB1C400830C09 /* AllGuardView.swift in Sources */ = {isa = PBXBuildFile; fileRef = 25B2B8672AEFB1C300830C09 /* AllGuardView.swift */; };
		597958512AE6E75A00B8B0E2 /* NetworkClient.swift in Sources */ = {isa = PBXBuildFile; fileRef = 597958332AE6E75A00B8B0E2 /* NetworkClient.swift */; };
		597958522AE6E75A00B8B0E2 /* NetworkUtils.swift in Sources */ = {isa = PBXBuildFile; fileRef = 597958342AE6E75A00B8B0E2 /* NetworkUtils.swift */; };
		597958532AE6E75A00B8B0E2 /* NetworkProvider.swift in Sources */ = {isa = PBXBuildFile; fileRef = 597958352AE6E75A00B8B0E2 /* NetworkProvider.swift */; };
		597958542AE6E75A00B8B0E2 /* Container.swift in Sources */ = {isa = PBXBuildFile; fileRef = 597958372AE6E75A00B8B0E2 /* Container.swift */; };
		597958552AE6E75A00B8B0E2 /* Publisher+Utils.swift in Sources */ = {isa = PBXBuildFile; fileRef = 597958392AE6E75A00B8B0E2 /* Publisher+Utils.swift */; };
		597958562AE6E75A00B8B0E2 /* Binding+Utils.swift in Sources */ = {isa = PBXBuildFile; fileRef = 5979583A2AE6E75A00B8B0E2 /* Binding+Utils.swift */; };
		597958572AE6E75A00B8B0E2 /* View+Utils.swift in Sources */ = {isa = PBXBuildFile; fileRef = 5979583B2AE6E75A00B8B0E2 /* View+Utils.swift */; };
		597958582AE6E75A00B8B0E2 /* EmptyNavigationLink.swift in Sources */ = {isa = PBXBuildFile; fileRef = 5979583D2AE6E75A00B8B0E2 /* EmptyNavigationLink.swift */; };
		597958652AE981F600B8B0E2 /* CommonAlertView.swift in Sources */ = {isa = PBXBuildFile; fileRef = 597958642AE981F600B8B0E2 /* CommonAlertView.swift */; };
		597958682AEAA03A00B8B0E2 /* SignupModel.swift in Sources */ = {isa = PBXBuildFile; fileRef = 597958672AEAA03A00B8B0E2 /* SignupModel.swift */; };
		5979586B2AEB7BC100B8B0E2 /* SignupView.swift in Sources */ = {isa = PBXBuildFile; fileRef = 5979586A2AEB7BC100B8B0E2 /* SignupView.swift */; };
		5979586D2AEB7BD300B8B0E2 /* SignupViewModel.swift in Sources */ = {isa = PBXBuildFile; fileRef = 5979586C2AEB7BD300B8B0E2 /* SignupViewModel.swift */; };
		5979586F2AECFDAC00B8B0E2 /* FontSizeCommon.swift in Sources */ = {isa = PBXBuildFile; fileRef = 5979586E2AECFDAC00B8B0E2 /* FontSizeCommon.swift */; };
		597958712AECFFFB00B8B0E2 /* ColorCommon.swift in Sources */ = {isa = PBXBuildFile; fileRef = 597958702AECFFFB00B8B0E2 /* ColorCommon.swift */; };
		597958742AED23F800B8B0E2 /* SignupProvider.swift in Sources */ = {isa = PBXBuildFile; fileRef = 597958732AED23F800B8B0E2 /* SignupProvider.swift */; };
		597958762AED24CB00B8B0E2 /* SignupRouter.swift in Sources */ = {isa = PBXBuildFile; fileRef = 597958752AED24CB00B8B0E2 /* SignupRouter.swift */; };
		597958792AEE260700B8B0E2 /* AppRouter.swift in Sources */ = {isa = PBXBuildFile; fileRef = 597958782AEE260700B8B0E2 /* AppRouter.swift */; };
		5979587C2AEE28BA00B8B0E2 /* TokenManager.swift in Sources */ = {isa = PBXBuildFile; fileRef = 5979587B2AEE28BA00B8B0E2 /* TokenManager.swift */; };
		5979587F2AEE2A2B00B8B0E2 /* HomeView.swift in Sources */ = {isa = PBXBuildFile; fileRef = 5979587E2AEE2A2B00B8B0E2 /* HomeView.swift */; };
		597958852AEE431600B8B0E2 /* NewsView.swift in Sources */ = {isa = PBXBuildFile; fileRef = 597958842AEE431600B8B0E2 /* NewsView.swift */; };
		59D93E4B2AE6D83B0040F4F2 /* GuardSystemAppApp.swift in Sources */ = {isa = PBXBuildFile; fileRef = 59D93E4A2AE6D83B0040F4F2 /* GuardSystemAppApp.swift */; };
		59D93E4D2AE6D83B0040F4F2 /* ContentView.swift in Sources */ = {isa = PBXBuildFile; fileRef = 59D93E4C2AE6D83B0040F4F2 /* ContentView.swift */; };
		59D93E4F2AE6D83C0040F4F2 /* Assets.xcassets in Resources */ = {isa = PBXBuildFile; fileRef = 59D93E4E2AE6D83C0040F4F2 /* Assets.xcassets */; };
		59D93E522AE6D83C0040F4F2 /* Preview Assets.xcassets in Resources */ = {isa = PBXBuildFile; fileRef = 59D93E512AE6D83C0040F4F2 /* Preview Assets.xcassets */; };
/* End PBXBuildFile section */

/* Begin PBXFileReference section */
		254BBBD22AF4E511009B67C5 /* GetAllGuardProvider.swift */ = {isa = PBXFileReference; lastKnownFileType = sourcecode.swift; path = GetAllGuardProvider.swift; sourceTree = "<group>"; };
		254BBBD42AF4E54E009B67C5 /* GetAllGuardRouter.swift */ = {isa = PBXFileReference; lastKnownFileType = sourcecode.swift; path = GetAllGuardRouter.swift; sourceTree = "<group>"; };
		254BBBD72AF4E6E1009B67C5 /* GetAllGuardModel.swift */ = {isa = PBXFileReference; lastKnownFileType = sourcecode.swift; path = GetAllGuardModel.swift; sourceTree = "<group>"; };
		254BBBDA2AF4E87D009B67C5 /* GetAllGuardViewModel.swift */ = {isa = PBXFileReference; lastKnownFileType = sourcecode.swift; path = GetAllGuardViewModel.swift; sourceTree = "<group>"; };
		2593E70D2AE8D5F500CD514A /* Info.plist */ = {isa = PBXFileReference; lastKnownFileType = text.plist; path = Info.plist; sourceTree = "<group>"; };
		2593E70F2AE8D6C500CD514A /* LoginView.swift */ = {isa = PBXFileReference; lastKnownFileType = sourcecode.swift; path = LoginView.swift; sourceTree = "<group>"; };
		2593E7112AE8D6EA00CD514A /* LoginViewModel.swift */ = {isa = PBXFileReference; lastKnownFileType = sourcecode.swift; path = LoginViewModel.swift; sourceTree = "<group>"; };
		2593E7152AE8D75B00CD514A /* LoginRequest.swift */ = {isa = PBXFileReference; lastKnownFileType = sourcecode.swift; path = LoginRequest.swift; sourceTree = "<group>"; };
		2593E7182AE8D81800CD514A /* LoginProvider.swift */ = {isa = PBXFileReference; lastKnownFileType = sourcecode.swift; path = LoginProvider.swift; sourceTree = "<group>"; };
		2593E71A2AE8D93400CD514A /* LoginRouter.swift */ = {isa = PBXFileReference; lastKnownFileType = sourcecode.swift; path = LoginRouter.swift; sourceTree = "<group>"; };
		2593E71D2AE914EF00CD514A /* TextFieldCommon.swift */ = {isa = PBXFileReference; lastKnownFileType = sourcecode.swift; path = TextFieldCommon.swift; sourceTree = "<group>"; };
		2593E71F2AE918DF00CD514A /* ButtonStateCommon.swift */ = {isa = PBXFileReference; lastKnownFileType = sourcecode.swift; path = ButtonStateCommon.swift; sourceTree = "<group>"; };
		25B2B8602AEF65AD00830C09 /* InfoCardCommonView.swift */ = {isa = PBXFileReference; lastKnownFileType = sourcecode.swift; path = InfoCardCommonView.swift; sourceTree = "<group>"; };
		25B2B8642AEF9F9000830C09 /* ButtonIconCommon.swift */ = {isa = PBXFileReference; lastKnownFileType = sourcecode.swift; path = ButtonIconCommon.swift; sourceTree = "<group>"; };
		25B2B8672AEFB1C300830C09 /* AllGuardView.swift */ = {isa = PBXFileReference; lastKnownFileType = sourcecode.swift; path = AllGuardView.swift; sourceTree = "<group>"; };
		2EA9EC63AFDB27287ED1D1AB /* Pods_GuardSystemApp.framework */ = {isa = PBXFileReference; explicitFileType = wrapper.framework; includeInIndex = 0; path = Pods_GuardSystemApp.framework; sourceTree = BUILT_PRODUCTS_DIR; };
		597957CB2AE6E1AD00B8B0E2 /* GuardSystemApp.app */ = {isa = PBXFileReference; explicitFileType = wrapper.application; includeInIndex = 0; path = GuardSystemApp.app; sourceTree = BUILT_PRODUCTS_DIR; };
		597958332AE6E75A00B8B0E2 /* NetworkClient.swift */ = {isa = PBXFileReference; fileEncoding = 4; lastKnownFileType = sourcecode.swift; path = NetworkClient.swift; sourceTree = "<group>"; };
		597958342AE6E75A00B8B0E2 /* NetworkUtils.swift */ = {isa = PBXFileReference; fileEncoding = 4; lastKnownFileType = sourcecode.swift; path = NetworkUtils.swift; sourceTree = "<group>"; };
		597958352AE6E75A00B8B0E2 /* NetworkProvider.swift */ = {isa = PBXFileReference; fileEncoding = 4; lastKnownFileType = sourcecode.swift; path = NetworkProvider.swift; sourceTree = "<group>"; };
		597958372AE6E75A00B8B0E2 /* Container.swift */ = {isa = PBXFileReference; fileEncoding = 4; lastKnownFileType = sourcecode.swift; path = Container.swift; sourceTree = "<group>"; };
		597958392AE6E75A00B8B0E2 /* Publisher+Utils.swift */ = {isa = PBXFileReference; fileEncoding = 4; lastKnownFileType = sourcecode.swift; path = "Publisher+Utils.swift"; sourceTree = "<group>"; };
		5979583A2AE6E75A00B8B0E2 /* Binding+Utils.swift */ = {isa = PBXFileReference; fileEncoding = 4; lastKnownFileType = sourcecode.swift; path = "Binding+Utils.swift"; sourceTree = "<group>"; };
		5979583B2AE6E75A00B8B0E2 /* View+Utils.swift */ = {isa = PBXFileReference; fileEncoding = 4; lastKnownFileType = sourcecode.swift; path = "View+Utils.swift"; sourceTree = "<group>"; };
		5979583D2AE6E75A00B8B0E2 /* EmptyNavigationLink.swift */ = {isa = PBXFileReference; fileEncoding = 4; lastKnownFileType = sourcecode.swift; path = EmptyNavigationLink.swift; sourceTree = "<group>"; };
		597958642AE981F600B8B0E2 /* CommonAlertView.swift */ = {isa = PBXFileReference; lastKnownFileType = sourcecode.swift; path = CommonAlertView.swift; sourceTree = "<group>"; };
		597958672AEAA03A00B8B0E2 /* SignupModel.swift */ = {isa = PBXFileReference; lastKnownFileType = sourcecode.swift; path = SignupModel.swift; sourceTree = "<group>"; };
		5979586A2AEB7BC100B8B0E2 /* SignupView.swift */ = {isa = PBXFileReference; lastKnownFileType = sourcecode.swift; path = SignupView.swift; sourceTree = "<group>"; };
		5979586C2AEB7BD300B8B0E2 /* SignupViewModel.swift */ = {isa = PBXFileReference; lastKnownFileType = sourcecode.swift; path = SignupViewModel.swift; sourceTree = "<group>"; };
		5979586E2AECFDAC00B8B0E2 /* FontSizeCommon.swift */ = {isa = PBXFileReference; lastKnownFileType = sourcecode.swift; path = FontSizeCommon.swift; sourceTree = "<group>"; };
		597958702AECFFFB00B8B0E2 /* ColorCommon.swift */ = {isa = PBXFileReference; lastKnownFileType = sourcecode.swift; path = ColorCommon.swift; sourceTree = "<group>"; };
		597958732AED23F800B8B0E2 /* SignupProvider.swift */ = {isa = PBXFileReference; lastKnownFileType = sourcecode.swift; path = SignupProvider.swift; sourceTree = "<group>"; };
		597958752AED24CB00B8B0E2 /* SignupRouter.swift */ = {isa = PBXFileReference; lastKnownFileType = sourcecode.swift; path = SignupRouter.swift; sourceTree = "<group>"; };
		597958782AEE260700B8B0E2 /* AppRouter.swift */ = {isa = PBXFileReference; lastKnownFileType = sourcecode.swift; path = AppRouter.swift; sourceTree = "<group>"; };
		5979587B2AEE28BA00B8B0E2 /* TokenManager.swift */ = {isa = PBXFileReference; lastKnownFileType = sourcecode.swift; path = TokenManager.swift; sourceTree = "<group>"; };
		5979587E2AEE2A2B00B8B0E2 /* HomeView.swift */ = {isa = PBXFileReference; lastKnownFileType = sourcecode.swift; path = HomeView.swift; sourceTree = "<group>"; };
		597958842AEE431600B8B0E2 /* NewsView.swift */ = {isa = PBXFileReference; lastKnownFileType = sourcecode.swift; path = NewsView.swift; sourceTree = "<group>"; };
		59D93E4A2AE6D83B0040F4F2 /* GuardSystemAppApp.swift */ = {isa = PBXFileReference; lastKnownFileType = sourcecode.swift; path = GuardSystemAppApp.swift; sourceTree = "<group>"; };
		59D93E4C2AE6D83B0040F4F2 /* ContentView.swift */ = {isa = PBXFileReference; lastKnownFileType = sourcecode.swift; path = ContentView.swift; sourceTree = "<group>"; };
		59D93E4E2AE6D83C0040F4F2 /* Assets.xcassets */ = {isa = PBXFileReference; lastKnownFileType = folder.assetcatalog; path = Assets.xcassets; sourceTree = "<group>"; };
		59D93E512AE6D83C0040F4F2 /* Preview Assets.xcassets */ = {isa = PBXFileReference; lastKnownFileType = folder.assetcatalog; path = "Preview Assets.xcassets"; sourceTree = "<group>"; };
		BA0D3B27E785E461676AAB41 /* Pods-GuardSystemApp.release.xcconfig */ = {isa = PBXFileReference; includeInIndex = 1; lastKnownFileType = text.xcconfig; name = "Pods-GuardSystemApp.release.xcconfig"; path = "Target Support Files/Pods-GuardSystemApp/Pods-GuardSystemApp.release.xcconfig"; sourceTree = "<group>"; };
		CE712B827B23B804129179F3 /* Pods-GuardSystemApp.debug.xcconfig */ = {isa = PBXFileReference; includeInIndex = 1; lastKnownFileType = text.xcconfig; name = "Pods-GuardSystemApp.debug.xcconfig"; path = "Target Support Files/Pods-GuardSystemApp/Pods-GuardSystemApp.debug.xcconfig"; sourceTree = "<group>"; };
/* End PBXFileReference section */

/* Begin PBXFrameworksBuildPhase section */
		59D93E442AE6D83B0040F4F2 /* Frameworks */ = {
			isa = PBXFrameworksBuildPhase;
			buildActionMask = 2147483647;
			files = (
				246D9A72662E000FE2835990 /* Pods_GuardSystemApp.framework in Frameworks */,
			);
			runOnlyForDeploymentPostprocessing = 0;
		};
/* End PBXFrameworksBuildPhase section */

/* Begin PBXGroup section */
		254BBBD62AF4E6CB009B67C5 /* GetAllGuard */ = {
			isa = PBXGroup;
			children = (
				254BBBD72AF4E6E1009B67C5 /* GetAllGuardModel.swift */,
			);
			path = GetAllGuard;
			sourceTree = "<group>";
		};
		2558401E2AF4E4AB007B70A8 /* GetAllGuard */ = {
			isa = PBXGroup;
			children = (
				254BBBD22AF4E511009B67C5 /* GetAllGuardProvider.swift */,
				254BBBD42AF4E54E009B67C5 /* GetAllGuardRouter.swift */,
			);
			path = GetAllGuard;
			sourceTree = "<group>";
		};
		2593E70E2AE8D6B000CD514A /* Login */ = {
			isa = PBXGroup;
			children = (
				2593E70F2AE8D6C500CD514A /* LoginView.swift */,
				2593E7112AE8D6EA00CD514A /* LoginViewModel.swift */,
			);
			path = Login;
			sourceTree = "<group>";
		};
		2593E7132AE8D74C00CD514A /* Login */ = {
			isa = PBXGroup;
			children = (
				2593E7152AE8D75B00CD514A /* LoginRequest.swift */,
			);
			path = Login;
			sourceTree = "<group>";
		};
		2593E7172AE8D7D500CD514A /* Login */ = {
			isa = PBXGroup;
			children = (
				2593E7182AE8D81800CD514A /* LoginProvider.swift */,
				2593E71A2AE8D93400CD514A /* LoginRouter.swift */,
			);
			path = Login;
			sourceTree = "<group>";
		};
		25B2B8662AEFB1A900830C09 /* AllGurad */ = {
			isa = PBXGroup;
			children = (
				25B2B8672AEFB1C300830C09 /* AllGuardView.swift */,
				254BBBDA2AF4E87D009B67C5 /* GetAllGuardViewModel.swift */,
			);
			path = AllGurad;
			sourceTree = "<group>";
		};
		597958292AE6E75A00B8B0E2 /* Shared */ = {
			isa = PBXGroup;
			children = (
				5979582A2AE6E75A00B8B0E2 /* Networking */,
				5979582D2AE6E75A00B8B0E2 /* Models */,
			);
			path = Shared;
			sourceTree = "<group>";
		};
		5979582A2AE6E75A00B8B0E2 /* Networking */ = {
			isa = PBXGroup;
			children = (
				2558401E2AF4E4AB007B70A8 /* GetAllGuard */,
				597958722AED23C700B8B0E2 /* Signup */,
				2593E7172AE8D7D500CD514A /* Login */,
			);
			path = Networking;
			sourceTree = "<group>";
		};
		5979582D2AE6E75A00B8B0E2 /* Models */ = {
			isa = PBXGroup;
			children = (
				254BBBD62AF4E6CB009B67C5 /* GetAllGuard */,
				597958662AEAA01F00B8B0E2 /* Signup */,
				2593E7132AE8D74C00CD514A /* Login */,
			);
			path = Models;
			sourceTree = "<group>";
		};
		597958302AE6E75A00B8B0E2 /* CommonShared */ = {
			isa = PBXGroup;
			children = (
				5979587A2AEE289F00B8B0E2 /* TokenManager */,
				597958772AEE25E600B8B0E2 /* AppRouter */,
				597958312AE6E75A00B8B0E2 /* Networking */,
				597958362AE6E75A00B8B0E2 /* Utils */,
				597958382AE6E75A00B8B0E2 /* Extensions */,
				5979583C2AE6E75A00B8B0E2 /* Views */,
			);
			path = CommonShared;
			sourceTree = "<group>";
		};
		597958312AE6E75A00B8B0E2 /* Networking */ = {
			isa = PBXGroup;
			children = (
				597958322AE6E75A00B8B0E2 /* NetworkProvider */,
			);
			path = Networking;
			sourceTree = "<group>";
		};
		597958322AE6E75A00B8B0E2 /* NetworkProvider */ = {
			isa = PBXGroup;
			children = (
				597958332AE6E75A00B8B0E2 /* NetworkClient.swift */,
				597958342AE6E75A00B8B0E2 /* NetworkUtils.swift */,
				597958352AE6E75A00B8B0E2 /* NetworkProvider.swift */,
			);
			path = NetworkProvider;
			sourceTree = "<group>";
		};
		597958362AE6E75A00B8B0E2 /* Utils */ = {
			isa = PBXGroup;
			children = (
				597958372AE6E75A00B8B0E2 /* Container.swift */,
			);
			path = Utils;
			sourceTree = "<group>";
		};
		597958382AE6E75A00B8B0E2 /* Extensions */ = {
			isa = PBXGroup;
			children = (
				597958392AE6E75A00B8B0E2 /* Publisher+Utils.swift */,
				5979583A2AE6E75A00B8B0E2 /* Binding+Utils.swift */,
				5979583B2AE6E75A00B8B0E2 /* View+Utils.swift */,
			);
			path = Extensions;
			sourceTree = "<group>";
		};
		5979583C2AE6E75A00B8B0E2 /* Views */ = {
			isa = PBXGroup;
			children = (
				5979583D2AE6E75A00B8B0E2 /* EmptyNavigationLink.swift */,
				597958642AE981F600B8B0E2 /* CommonAlertView.swift */,
				5979586E2AECFDAC00B8B0E2 /* FontSizeCommon.swift */,
				597958702AECFFFB00B8B0E2 /* ColorCommon.swift */,
				25B2B8602AEF65AD00830C09 /* InfoCardCommonView.swift */,
				2593E71D2AE914EF00CD514A /* TextFieldCommon.swift */,
				2593E71F2AE918DF00CD514A /* ButtonStateCommon.swift */,
				25B2B8642AEF9F9000830C09 /* ButtonIconCommon.swift */,
			);
			path = Views;
			sourceTree = "<group>";
		};
		5979583E2AE6E75A00B8B0E2 /* Modules */ = {
			isa = PBXGroup;
			children = (
				25B2B8662AEFB1A900830C09 /* AllGurad */,
				5979587D2AEE2A1E00B8B0E2 /* Home */,
				597958692AEB7BAF00B8B0E2 /* Signup */,
				2593E70E2AE8D6B000CD514A /* Login */,
			);
			path = Modules;
			sourceTree = "<group>";
		};
		597958662AEAA01F00B8B0E2 /* Signup */ = {
			isa = PBXGroup;
			children = (
				597958672AEAA03A00B8B0E2 /* SignupModel.swift */,
			);
			path = Signup;
			sourceTree = "<group>";
		};
		597958692AEB7BAF00B8B0E2 /* Signup */ = {
			isa = PBXGroup;
			children = (
				5979586A2AEB7BC100B8B0E2 /* SignupView.swift */,
				5979586C2AEB7BD300B8B0E2 /* SignupViewModel.swift */,
			);
			path = Signup;
			sourceTree = "<group>";
		};
		597958722AED23C700B8B0E2 /* Signup */ = {
			isa = PBXGroup;
			children = (
				597958732AED23F800B8B0E2 /* SignupProvider.swift */,
				597958752AED24CB00B8B0E2 /* SignupRouter.swift */,
			);
			path = Signup;
			sourceTree = "<group>";
		};
		597958772AEE25E600B8B0E2 /* AppRouter */ = {
			isa = PBXGroup;
			children = (
				597958782AEE260700B8B0E2 /* AppRouter.swift */,
			);
			path = AppRouter;
			sourceTree = "<group>";
		};
		5979587A2AEE289F00B8B0E2 /* TokenManager */ = {
			isa = PBXGroup;
			children = (
				5979587B2AEE28BA00B8B0E2 /* TokenManager.swift */,
			);
			path = TokenManager;
			sourceTree = "<group>";
		};
		5979587D2AEE2A1E00B8B0E2 /* Home */ = {
			isa = PBXGroup;
			children = (
				5979587E2AEE2A2B00B8B0E2 /* HomeView.swift */,
				597958832AEE430700B8B0E2 /* Content */,
			);
			path = Home;
			sourceTree = "<group>";
		};
		597958832AEE430700B8B0E2 /* Content */ = {
			isa = PBXGroup;
			children = (
				597958842AEE431600B8B0E2 /* NewsView.swift */,
			);
			path = Content;
			sourceTree = "<group>";
		};
		59D93E3E2AE6D83A0040F4F2 = {
			isa = PBXGroup;
			children = (
				59D93E492AE6D83B0040F4F2 /* GuardSystemApp */,
				907A1A58E160702982D2FFCC /* Pods */,
				D46200656D1FD85DD13EC1DC /* Frameworks */,
				597957CB2AE6E1AD00B8B0E2 /* GuardSystemApp.app */,
			);
			sourceTree = "<group>";
		};
		59D93E492AE6D83B0040F4F2 /* GuardSystemApp */ = {
			isa = PBXGroup;
			children = (
				2593E70D2AE8D5F500CD514A /* Info.plist */,
				59D93E4A2AE6D83B0040F4F2 /* GuardSystemAppApp.swift */,
				59D93E4C2AE6D83B0040F4F2 /* ContentView.swift */,
				59D93E4E2AE6D83C0040F4F2 /* Assets.xcassets */,
				597958302AE6E75A00B8B0E2 /* CommonShared */,
				5979583E2AE6E75A00B8B0E2 /* Modules */,
				597958292AE6E75A00B8B0E2 /* Shared */,
				59D93E502AE6D83C0040F4F2 /* Preview Content */,
			);
			path = GuardSystemApp;
			sourceTree = "<group>";
		};
		59D93E502AE6D83C0040F4F2 /* Preview Content */ = {
			isa = PBXGroup;
			children = (
				59D93E512AE6D83C0040F4F2 /* Preview Assets.xcassets */,
			);
			path = "Preview Content";
			sourceTree = "<group>";
		};
		907A1A58E160702982D2FFCC /* Pods */ = {
			isa = PBXGroup;
			children = (
				CE712B827B23B804129179F3 /* Pods-GuardSystemApp.debug.xcconfig */,
				BA0D3B27E785E461676AAB41 /* Pods-GuardSystemApp.release.xcconfig */,
			);
			path = Pods;
			sourceTree = "<group>";
		};
		D46200656D1FD85DD13EC1DC /* Frameworks */ = {
			isa = PBXGroup;
			children = (
				2EA9EC63AFDB27287ED1D1AB /* Pods_GuardSystemApp.framework */,
			);
			name = Frameworks;
			sourceTree = "<group>";
		};
/* End PBXGroup section */

/* Begin PBXNativeTarget section */
		59D93E462AE6D83B0040F4F2 /* GuardSystemApp */ = {
			isa = PBXNativeTarget;
			buildConfigurationList = 59D93E552AE6D83C0040F4F2 /* Build configuration list for PBXNativeTarget "GuardSystemApp" */;
			buildPhases = (
				539ACC530F424DCB598EB0AB /* [CP] Check Pods Manifest.lock */,
				59D93E432AE6D83B0040F4F2 /* Sources */,
				59D93E442AE6D83B0040F4F2 /* Frameworks */,
				59D93E452AE6D83B0040F4F2 /* Resources */,
				54998F1DB701AF2836A2D385 /* [CP] Embed Pods Frameworks */,
			);
			buildRules = (
			);
			dependencies = (
			);
			name = GuardSystemApp;
			productName = GuardSystemApp;
			productReference = 597957CB2AE6E1AD00B8B0E2 /* GuardSystemApp.app */;
			productType = "com.apple.product-type.application";
		};
/* End PBXNativeTarget section */

/* Begin PBXProject section */
		59D93E3F2AE6D83A0040F4F2 /* Project object */ = {
			isa = PBXProject;
			attributes = {
				BuildIndependentTargetsInParallel = 1;
				LastSwiftUpdateCheck = 1430;
				LastUpgradeCheck = 1430;
				TargetAttributes = {
					59D93E462AE6D83B0040F4F2 = {
						CreatedOnToolsVersion = 14.3.1;
					};
				};
			};
			buildConfigurationList = 59D93E422AE6D83A0040F4F2 /* Build configuration list for PBXProject "GuardSystemApp" */;
			compatibilityVersion = "Xcode 14.0";
			developmentRegion = en;
			hasScannedForEncodings = 0;
			knownRegions = (
				en,
				Base,
			);
			mainGroup = 59D93E3E2AE6D83A0040F4F2;
			productRefGroup = 59D93E3E2AE6D83A0040F4F2;
			projectDirPath = "";
			projectRoot = "";
			targets = (
				59D93E462AE6D83B0040F4F2 /* GuardSystemApp */,
			);
		};
/* End PBXProject section */

/* Begin PBXResourcesBuildPhase section */
		59D93E452AE6D83B0040F4F2 /* Resources */ = {
			isa = PBXResourcesBuildPhase;
			buildActionMask = 2147483647;
			files = (
				59D93E522AE6D83C0040F4F2 /* Preview Assets.xcassets in Resources */,
				59D93E4F2AE6D83C0040F4F2 /* Assets.xcassets in Resources */,
			);
			runOnlyForDeploymentPostprocessing = 0;
		};
/* End PBXResourcesBuildPhase section */

/* Begin PBXShellScriptBuildPhase section */
		539ACC530F424DCB598EB0AB /* [CP] Check Pods Manifest.lock */ = {
			isa = PBXShellScriptBuildPhase;
			buildActionMask = 2147483647;
			files = (
			);
			inputFileListPaths = (
			);
			inputPaths = (
				"${PODS_PODFILE_DIR_PATH}/Podfile.lock",
				"${PODS_ROOT}/Manifest.lock",
			);
			name = "[CP] Check Pods Manifest.lock";
			outputFileListPaths = (
			);
			outputPaths = (
				"$(DERIVED_FILE_DIR)/Pods-GuardSystemApp-checkManifestLockResult.txt",
			);
			runOnlyForDeploymentPostprocessing = 0;
			shellPath = /bin/sh;
			shellScript = "diff \"${PODS_PODFILE_DIR_PATH}/Podfile.lock\" \"${PODS_ROOT}/Manifest.lock\" > /dev/null\nif [ $? != 0 ] ; then\n    # print error to STDERR\n    echo \"error: The sandbox is not in sync with the Podfile.lock. Run 'pod install' or update your CocoaPods installation.\" >&2\n    exit 1\nfi\n# This output is used by Xcode 'outputs' to avoid re-running this script phase.\necho \"SUCCESS\" > \"${SCRIPT_OUTPUT_FILE_0}\"\n";
			showEnvVarsInLog = 0;
		};
		54998F1DB701AF2836A2D385 /* [CP] Embed Pods Frameworks */ = {
			isa = PBXShellScriptBuildPhase;
			buildActionMask = 2147483647;
			files = (
			);
			inputFileListPaths = (
				"${PODS_ROOT}/Target Support Files/Pods-GuardSystemApp/Pods-GuardSystemApp-frameworks-${CONFIGURATION}-input-files.xcfilelist",
			);
			name = "[CP] Embed Pods Frameworks";
			outputFileListPaths = (
				"${PODS_ROOT}/Target Support Files/Pods-GuardSystemApp/Pods-GuardSystemApp-frameworks-${CONFIGURATION}-output-files.xcfilelist",
			);
			runOnlyForDeploymentPostprocessing = 0;
			shellPath = /bin/sh;
			shellScript = "\"${PODS_ROOT}/Target Support Files/Pods-GuardSystemApp/Pods-GuardSystemApp-frameworks.sh\"\n";
			showEnvVarsInLog = 0;
		};
/* End PBXShellScriptBuildPhase section */

/* Begin PBXSourcesBuildPhase section */
		59D93E432AE6D83B0040F4F2 /* Sources */ = {
			isa = PBXSourcesBuildPhase;
			buildActionMask = 2147483647;
			files = (
				597958522AE6E75A00B8B0E2 /* NetworkUtils.swift in Sources */,
				254BBBDB2AF4E87D009B67C5 /* GetAllGuardViewModel.swift in Sources */,
				2593E7162AE8D75B00CD514A /* LoginRequest.swift in Sources */,
				254BBBD82AF4E6E1009B67C5 /* GetAllGuardModel.swift in Sources */,
				2593E7192AE8D81800CD514A /* LoginProvider.swift in Sources */,
				254BBBD52AF4E54E009B67C5 /* GetAllGuardRouter.swift in Sources */,
				597958572AE6E75A00B8B0E2 /* View+Utils.swift in Sources */,
				59D93E4D2AE6D83B0040F4F2 /* ContentView.swift in Sources */,
				2593E7102AE8D6C500CD514A /* LoginView.swift in Sources */,
				5979586B2AEB7BC100B8B0E2 /* SignupView.swift in Sources */,
				597958532AE6E75A00B8B0E2 /* NetworkProvider.swift in Sources */,
				2593E7202AE918DF00CD514A /* ButtonStateCommon.swift in Sources */,
				5979587F2AEE2A2B00B8B0E2 /* HomeView.swift in Sources */,
				597958652AE981F600B8B0E2 /* CommonAlertView.swift in Sources */,
				597958582AE6E75A00B8B0E2 /* EmptyNavigationLink.swift in Sources */,
				5979587C2AEE28BA00B8B0E2 /* TokenManager.swift in Sources */,
				597958562AE6E75A00B8B0E2 /* Binding+Utils.swift in Sources */,
				2593E7122AE8D6EA00CD514A /* LoginViewModel.swift in Sources */,
				5979586D2AEB7BD300B8B0E2 /* SignupViewModel.swift in Sources */,
				597958682AEAA03A00B8B0E2 /* SignupModel.swift in Sources */,
				597958792AEE260700B8B0E2 /* AppRouter.swift in Sources */,
				597958552AE6E75A00B8B0E2 /* Publisher+Utils.swift in Sources */,
				597958512AE6E75A00B8B0E2 /* NetworkClient.swift in Sources */,
				25B2B8682AEFB1C400830C09 /* AllGuardView.swift in Sources */,
				597958762AED24CB00B8B0E2 /* SignupRouter.swift in Sources */,
				597958712AECFFFB00B8B0E2 /* ColorCommon.swift in Sources */,
				597958542AE6E75A00B8B0E2 /* Container.swift in Sources */,
				597958742AED23F800B8B0E2 /* SignupProvider.swift in Sources */,
				5979586F2AECFDAC00B8B0E2 /* FontSizeCommon.swift in Sources */,
				2593E71B2AE8D93400CD514A /* LoginRouter.swift in Sources */,
				25B2B8652AEF9F9000830C09 /* ButtonIconCommon.swift in Sources */,
				597958852AEE431600B8B0E2 /* NewsView.swift in Sources */,
				59D93E4B2AE6D83B0040F4F2 /* GuardSystemAppApp.swift in Sources */,
				25B2B8612AEF65AD00830C09 /* InfoCardCommonView.swift in Sources */,
				254BBBD32AF4E511009B67C5 /* GetAllGuardProvider.swift in Sources */,
				2593E71E2AE914EF00CD514A /* TextFieldCommon.swift in Sources */,
			);
			runOnlyForDeploymentPostprocessing = 0;
		};
/* End PBXSourcesBuildPhase section */

/* Begin XCBuildConfiguration section */
		59D93E532AE6D83C0040F4F2 /* Debug */ = {
			isa = XCBuildConfiguration;
			buildSettings = {
				ALWAYS_SEARCH_USER_PATHS = NO;
				CLANG_ANALYZER_NONNULL = YES;
				CLANG_ANALYZER_NUMBER_OBJECT_CONVERSION = YES_AGGRESSIVE;
				CLANG_CXX_LANGUAGE_STANDARD = "gnu++20";
				CLANG_ENABLE_MODULES = YES;
				CLANG_ENABLE_OBJC_ARC = YES;
				CLANG_ENABLE_OBJC_WEAK = YES;
				CLANG_WARN_BLOCK_CAPTURE_AUTORELEASING = YES;
				CLANG_WARN_BOOL_CONVERSION = YES;
				CLANG_WARN_COMMA = YES;
				CLANG_WARN_CONSTANT_CONVERSION = YES;
				CLANG_WARN_DEPRECATED_OBJC_IMPLEMENTATIONS = YES;
				CLANG_WARN_DIRECT_OBJC_ISA_USAGE = YES_ERROR;
				CLANG_WARN_DOCUMENTATION_COMMENTS = YES;
				CLANG_WARN_EMPTY_BODY = YES;
				CLANG_WARN_ENUM_CONVERSION = YES;
				CLANG_WARN_INFINITE_RECURSION = YES;
				CLANG_WARN_INT_CONVERSION = YES;
				CLANG_WARN_NON_LITERAL_NULL_CONVERSION = YES;
				CLANG_WARN_OBJC_IMPLICIT_RETAIN_SELF = YES;
				CLANG_WARN_OBJC_LITERAL_CONVERSION = YES;
				CLANG_WARN_OBJC_ROOT_CLASS = YES_ERROR;
				CLANG_WARN_QUOTED_INCLUDE_IN_FRAMEWORK_HEADER = YES;
				CLANG_WARN_RANGE_LOOP_ANALYSIS = YES;
				CLANG_WARN_STRICT_PROTOTYPES = YES;
				CLANG_WARN_SUSPICIOUS_MOVE = YES;
				CLANG_WARN_UNGUARDED_AVAILABILITY = YES_AGGRESSIVE;
				CLANG_WARN_UNREACHABLE_CODE = YES;
				CLANG_WARN__DUPLICATE_METHOD_MATCH = YES;
				COPY_PHASE_STRIP = NO;
				DEBUG_INFORMATION_FORMAT = dwarf;
				ENABLE_STRICT_OBJC_MSGSEND = YES;
				ENABLE_TESTABILITY = YES;
				GCC_C_LANGUAGE_STANDARD = gnu11;
				GCC_DYNAMIC_NO_PIC = NO;
				GCC_NO_COMMON_BLOCKS = YES;
				GCC_OPTIMIZATION_LEVEL = 0;
				GCC_PREPROCESSOR_DEFINITIONS = (
					"DEBUG=1",
					"$(inherited)",
				);
				GCC_WARN_64_TO_32_BIT_CONVERSION = YES;
				GCC_WARN_ABOUT_RETURN_TYPE = YES_ERROR;
				GCC_WARN_UNDECLARED_SELECTOR = YES;
				GCC_WARN_UNINITIALIZED_AUTOS = YES_AGGRESSIVE;
				GCC_WARN_UNUSED_FUNCTION = YES;
				GCC_WARN_UNUSED_VARIABLE = YES;
				IPHONEOS_DEPLOYMENT_TARGET = 16.4;
				MTL_ENABLE_DEBUG_INFO = INCLUDE_SOURCE;
				MTL_FAST_MATH = YES;
				ONLY_ACTIVE_ARCH = YES;
				SDKROOT = iphoneos;
				SWIFT_ACTIVE_COMPILATION_CONDITIONS = DEBUG;
				SWIFT_OPTIMIZATION_LEVEL = "-Onone";
			};
			name = Debug;
		};
		59D93E542AE6D83C0040F4F2 /* Release */ = {
			isa = XCBuildConfiguration;
			buildSettings = {
				ALWAYS_SEARCH_USER_PATHS = NO;
				CLANG_ANALYZER_NONNULL = YES;
				CLANG_ANALYZER_NUMBER_OBJECT_CONVERSION = YES_AGGRESSIVE;
				CLANG_CXX_LANGUAGE_STANDARD = "gnu++20";
				CLANG_ENABLE_MODULES = YES;
				CLANG_ENABLE_OBJC_ARC = YES;
				CLANG_ENABLE_OBJC_WEAK = YES;
				CLANG_WARN_BLOCK_CAPTURE_AUTORELEASING = YES;
				CLANG_WARN_BOOL_CONVERSION = YES;
				CLANG_WARN_COMMA = YES;
				CLANG_WARN_CONSTANT_CONVERSION = YES;
				CLANG_WARN_DEPRECATED_OBJC_IMPLEMENTATIONS = YES;
				CLANG_WARN_DIRECT_OBJC_ISA_USAGE = YES_ERROR;
				CLANG_WARN_DOCUMENTATION_COMMENTS = YES;
				CLANG_WARN_EMPTY_BODY = YES;
				CLANG_WARN_ENUM_CONVERSION = YES;
				CLANG_WARN_INFINITE_RECURSION = YES;
				CLANG_WARN_INT_CONVERSION = YES;
				CLANG_WARN_NON_LITERAL_NULL_CONVERSION = YES;
				CLANG_WARN_OBJC_IMPLICIT_RETAIN_SELF = YES;
				CLANG_WARN_OBJC_LITERAL_CONVERSION = YES;
				CLANG_WARN_OBJC_ROOT_CLASS = YES_ERROR;
				CLANG_WARN_QUOTED_INCLUDE_IN_FRAMEWORK_HEADER = YES;
				CLANG_WARN_RANGE_LOOP_ANALYSIS = YES;
				CLANG_WARN_STRICT_PROTOTYPES = YES;
				CLANG_WARN_SUSPICIOUS_MOVE = YES;
				CLANG_WARN_UNGUARDED_AVAILABILITY = YES_AGGRESSIVE;
				CLANG_WARN_UNREACHABLE_CODE = YES;
				CLANG_WARN__DUPLICATE_METHOD_MATCH = YES;
				COPY_PHASE_STRIP = NO;
				DEBUG_INFORMATION_FORMAT = "dwarf-with-dsym";
				ENABLE_NS_ASSERTIONS = NO;
				ENABLE_STRICT_OBJC_MSGSEND = YES;
				GCC_C_LANGUAGE_STANDARD = gnu11;
				GCC_NO_COMMON_BLOCKS = YES;
				GCC_WARN_64_TO_32_BIT_CONVERSION = YES;
				GCC_WARN_ABOUT_RETURN_TYPE = YES_ERROR;
				GCC_WARN_UNDECLARED_SELECTOR = YES;
				GCC_WARN_UNINITIALIZED_AUTOS = YES_AGGRESSIVE;
				GCC_WARN_UNUSED_FUNCTION = YES;
				GCC_WARN_UNUSED_VARIABLE = YES;
				IPHONEOS_DEPLOYMENT_TARGET = 16.4;
				MTL_ENABLE_DEBUG_INFO = NO;
				MTL_FAST_MATH = YES;
				SDKROOT = iphoneos;
				SWIFT_COMPILATION_MODE = wholemodule;
				SWIFT_OPTIMIZATION_LEVEL = "-O";
				VALIDATE_PRODUCT = YES;
			};
			name = Release;
		};
		59D93E562AE6D83C0040F4F2 /* Debug */ = {
			isa = XCBuildConfiguration;
			baseConfigurationReference = CE712B827B23B804129179F3 /* Pods-GuardSystemApp.debug.xcconfig */;
			buildSettings = {
				ASSETCATALOG_COMPILER_APPICON_NAME = AppIcon;
				ASSETCATALOG_COMPILER_GLOBAL_ACCENT_COLOR_NAME = AccentColor;
				CODE_SIGN_STYLE = Automatic;
				CURRENT_PROJECT_VERSION = 1;
				DEVELOPMENT_ASSET_PATHS = "\"GuardSystemApp/Preview Content\"";
				ENABLE_PREVIEWS = YES;
				GENERATE_INFOPLIST_FILE = YES;
				INFOPLIST_FILE = GuardSystemApp/Info.plist;
				INFOPLIST_KEY_UIApplicationSceneManifest_Generation = YES;
				INFOPLIST_KEY_UIApplicationSupportsIndirectInputEvents = YES;
				INFOPLIST_KEY_UISupportedInterfaceOrientations_iPad = "UIInterfaceOrientationPortrait UIInterfaceOrientationPortraitUpsideDown UIInterfaceOrientationLandscapeLeft UIInterfaceOrientationLandscapeRight";
				INFOPLIST_KEY_UISupportedInterfaceOrientations_iPhone = "UIInterfaceOrientationPortrait UIInterfaceOrientationLandscapeLeft UIInterfaceOrientationLandscapeRight";
				IPHONEOS_DEPLOYMENT_TARGET = 16.2;
				LD_RUNPATH_SEARCH_PATHS = (
					"$(inherited)",
					"@executable_path/Frameworks",
				);
				MARKETING_VERSION = 1.0;
				PRODUCT_BUNDLE_IDENTIFIER = GuardSystemApp.GuardSystemApp;
				PRODUCT_NAME = "$(TARGET_NAME)";
				SWIFT_EMIT_LOC_STRINGS = YES;
				SWIFT_VERSION = 5.0;
				TARGETED_DEVICE_FAMILY = "1,2";
			};
			name = Debug;
		};
		59D93E572AE6D83C0040F4F2 /* Release */ = {
			isa = XCBuildConfiguration;
			baseConfigurationReference = BA0D3B27E785E461676AAB41 /* Pods-GuardSystemApp.release.xcconfig */;
			buildSettings = {
				ASSETCATALOG_COMPILER_APPICON_NAME = AppIcon;
				ASSETCATALOG_COMPILER_GLOBAL_ACCENT_COLOR_NAME = AccentColor;
				CODE_SIGN_STYLE = Automatic;
				CURRENT_PROJECT_VERSION = 1;
				DEVELOPMENT_ASSET_PATHS = "\"GuardSystemApp/Preview Content\"";
				ENABLE_PREVIEWS = YES;
				GENERATE_INFOPLIST_FILE = YES;
				INFOPLIST_FILE = GuardSystemApp/Info.plist;
				INFOPLIST_KEY_UIApplicationSceneManifest_Generation = YES;
				INFOPLIST_KEY_UIApplicationSupportsIndirectInputEvents = YES;
				INFOPLIST_KEY_UISupportedInterfaceOrientations_iPad = "UIInterfaceOrientationPortrait UIInterfaceOrientationPortraitUpsideDown UIInterfaceOrientationLandscapeLeft UIInterfaceOrientationLandscapeRight";
				INFOPLIST_KEY_UISupportedInterfaceOrientations_iPhone = "UIInterfaceOrientationPortrait UIInterfaceOrientationLandscapeLeft UIInterfaceOrientationLandscapeRight";
				IPHONEOS_DEPLOYMENT_TARGET = 16.2;
				LD_RUNPATH_SEARCH_PATHS = (
					"$(inherited)",
					"@executable_path/Frameworks",
				);
				MARKETING_VERSION = 1.0;
				PRODUCT_BUNDLE_IDENTIFIER = GuardSystemApp.GuardSystemApp;
				PRODUCT_NAME = "$(TARGET_NAME)";
				SWIFT_EMIT_LOC_STRINGS = YES;
				SWIFT_VERSION = 5.0;
				TARGETED_DEVICE_FAMILY = "1,2";
			};
			name = Release;
		};
/* End XCBuildConfiguration section */

/* Begin XCConfigurationList section */
		59D93E422AE6D83A0040F4F2 /* Build configuration list for PBXProject "GuardSystemApp" */ = {
			isa = XCConfigurationList;
			buildConfigurations = (
				59D93E532AE6D83C0040F4F2 /* Debug */,
				59D93E542AE6D83C0040F4F2 /* Release */,
			);
			defaultConfigurationIsVisible = 0;
			defaultConfigurationName = Release;
		};
		59D93E552AE6D83C0040F4F2 /* Build configuration list for PBXNativeTarget "GuardSystemApp" */ = {
			isa = XCConfigurationList;
			buildConfigurations = (
				59D93E562AE6D83C0040F4F2 /* Debug */,
				59D93E572AE6D83C0040F4F2 /* Release */,
			);
			defaultConfigurationIsVisible = 0;
			defaultConfigurationName = Release;
		};
/* End XCConfigurationList section */
	};
	rootObject = 59D93E3F2AE6D83A0040F4F2 /* Project object */;
}
